
Microsoft Visual Studio Solution File, Format Version 12.00
# Visual Studio 14
VisualStudioVersion = 14.0.23107.0
MinimumVisualStudioVersion = 10.0.40219.1
Project("{FAE04EC0-301F-11D3-BF4B-00C04F79EFBC}") = "addressbook-web-tests-groups", "addressbook-web-tests-groups\addressbook-web-tests-groups.csproj", "{1516BD87-6242-474A-A1E6-76A78B77F64A}"
EndProject
Global
	GlobalSection(SolutionConfigurationPlatforms) = preSolution
		Debug|Any CPU = Debug|Any CPU
		Release|Any CPU = Release|Any CPU
	EndGlobalSection
	GlobalSection(ProjectConfigurationPlatforms) = postSolution
		{1516BD87-6242-474A-A1E6-76A78B77F64A}.Debug|Any CPU.ActiveCfg = Debug|Any CPU
		{1516BD87-6242-474A-A1E6-76A78B77F64A}.Debug|Any CPU.Build.0 = Debug|Any CPU
		{1516BD87-6242-474A-A1E6-76A78B77F64A}.Release|Any CPU.ActiveCfg = Release|Any CPU
		{1516BD87-6242-474A-A1E6-76A78B77F64A}.Release|Any CPU.Build.0 = Release|Any CPU
	EndGlobalSection
	GlobalSection(SolutionProperties) = preSolution
		HideSolutionNode = FALSE
	EndGlobalSection
	GlobalSection(ExtensibilityGlobals) = postSolution
		SolutionGuid = {C0AA8967-5965-48A4-84BC-E39DFB7489F5}
	EndGlobalSection
EndGlobal
